// !$*UTF8*$!
{
	archiveVersion = 1;
	classes = {
	};
	objectVersion = 46;
	objects = {

/* Begin PBXBuildFile section */
		A98747ED1A3CE81F00553948 /* AppDelegate.swift in Sources */ = {isa = PBXBuildFile; fileRef = A98747EC1A3CE81F00553948 /* AppDelegate.swift */; };
		A98747EF1A3CE81F00553948 /* ViewController.swift in Sources */ = {isa = PBXBuildFile; fileRef = A98747EE1A3CE81F00553948 /* ViewController.swift */; };
		A98747F21A3CE81F00553948 /* Main.storyboard in Resources */ = {isa = PBXBuildFile; fileRef = A98747F01A3CE81F00553948 /* Main.storyboard */; };
		A98747F41A3CE81F00553948 /* Images.xcassets in Resources */ = {isa = PBXBuildFile; fileRef = A98747F31A3CE81F00553948 /* Images.xcassets */; };
		A98747F71A3CE81F00553948 /* LaunchScreen.xib in Resources */ = {isa = PBXBuildFile; fileRef = A98747F51A3CE81F00553948 /* LaunchScreen.xib */; };
		A98748031A3CE82000553948 /* SwiftTablesTests.swift in Sources */ = {isa = PBXBuildFile; fileRef = A98748021A3CE82000553948 /* SwiftTablesTests.swift */; };
/* End PBXBuildFile section */

/* Begin PBXContainerItemProxy section */
		A98747FD1A3CE82000553948 /* PBXContainerItemProxy */ = {
			isa = PBXContainerItemProxy;
			containerPortal = A98747DF1A3CE81F00553948 /* Project object */;
			proxyType = 1;
			remoteGlobalIDString = A98747E61A3CE81F00553948;
			remoteInfo = SwiftTables;
		};
/* End PBXContainerItemProxy section */

/* Begin PBXFileReference section */
		A98747E71A3CE81F00553948 /* SwiftTables.app */ = {isa = PBXFileReference; explicitFileType = wrapper.application; includeInIndex = 0; path = SwiftTables.app; sourceTree = BUILT_PRODUCTS_DIR; };
		A98747EB1A3CE81F00553948 /* Info.plist */ = {isa = PBXFileReference; lastKnownFileType = text.plist.xml; path = Info.plist; sourceTree = "<group>"; };
		A98747EC1A3CE81F00553948 /* AppDelegate.swift */ = {isa = PBXFileReference; lastKnownFileType = sourcecode.swift; path = AppDelegate.swift; sourceTree = "<group>"; };
		A98747EE1A3CE81F00553948 /* ViewController.swift */ = {isa = PBXFileReference; lastKnownFileType = sourcecode.swift; path = ViewController.swift; sourceTree = "<group>"; };
		A98747F11A3CE81F00553948 /* Base */ = {isa = PBXFileReference; lastKnownFileType = file.storyboard; name = Base; path = Base.lproj/Main.storyboard; sourceTree = "<group>"; };
		A98747F31A3CE81F00553948 /* Images.xcassets */ = {isa = PBXFileReference; lastKnownFileType = folder.assetcatalog; path = Images.xcassets; sourceTree = "<group>"; };
		A98747F61A3CE81F00553948 /* Base */ = {isa = PBXFileReference; lastKnownFileType = file.xib; name = Base; path = Base.lproj/LaunchScreen.xib; sourceTree = "<group>"; };
		A98747FC1A3CE82000553948 /* SwiftTablesTests.xctest */ = {isa = PBXFileReference; explicitFileType = wrapper.cfbundle; includeInIndex = 0; path = SwiftTablesTests.xctest; sourceTree = BUILT_PRODUCTS_DIR; };
		A98748011A3CE82000553948 /* Info.plist */ = {isa = PBXFileReference; lastKnownFileType = text.plist.xml; path = Info.plist; sourceTree = "<group>"; };
		A98748021A3CE82000553948 /* SwiftTablesTests.swift */ = {isa = PBXFileReference; lastKnownFileType = sourcecode.swift; path = SwiftTablesTests.swift; sourceTree = "<group>"; };
/* End PBXFileReference section */

/* Begin PBXFrameworksBuildPhase section */
		A98747E41A3CE81F00553948 /* Frameworks */ = {
			isa = PBXFrameworksBuildPhase;
			buildActionMask = 2147483647;
			files = (
			);
			runOnlyForDeploymentPostprocessing = 0;
		};
		A98747F91A3CE82000553948 /* Frameworks */ = {
			isa = PBXFrameworksBuildPhase;
			buildActionMask = 2147483647;
			files = (
			);
			runOnlyForDeploymentPostprocessing = 0;
		};
/* End PBXFrameworksBuildPhase section */

/* Begin PBXGroup section */
		A98747DE1A3CE81F00553948 = {
			isa = PBXGroup;
			children = (
				A98747E91A3CE81F00553948 /* SwiftTables */,
				A98747FF1A3CE82000553948 /* SwiftTablesTests */,
				A98747E81A3CE81F00553948 /* Products */,
			);
			sourceTree = "<group>";
		};
		A98747E81A3CE81F00553948 /* Products */ = {
			isa = PBXGroup;
			children = (
				A98747E71A3CE81F00553948 /* SwiftTables.app */,
				A98747FC1A3CE82000553948 /* SwiftTablesTests.xctest */,
			);
			name = Products;
			sourceTree = "<group>";
		};
		A98747E91A3CE81F00553948 /* SwiftTables */ = {
			isa = PBXGroup;
			children = (
				A98747EC1A3CE81F00553948 /* AppDelegate.swift */,
				A98747EE1A3CE81F00553948 /* ViewController.swift */,
				A98747F01A3CE81F00553948 /* Main.storyboard */,
				A98747F31A3CE81F00553948 /* Images.xcassets */,
				A98747F51A3CE81F00553948 /* LaunchScreen.xib */,
				A98747EA1A3CE81F00553948 /* Supporting Files */,
			);
			path = SwiftTables;
			sourceTree = "<group>";
		};
		A98747EA1A3CE81F00553948 /* Supporting Files */ = {
			isa = PBXGroup;
			children = (
				A98747EB1A3CE81F00553948 /* Info.plist */,
			);
			name = "Supporting Files";
			sourceTree = "<group>";
		};
		A98747FF1A3CE82000553948 /* SwiftTablesTests */ = {
			isa = PBXGroup;
			children = (
				A98748021A3CE82000553948 /* SwiftTablesTests.swift */,
				A98748001A3CE82000553948 /* Supporting Files */,
			);
			path = SwiftTablesTests;
			sourceTree = "<group>";
		};
		A98748001A3CE82000553948 /* Supporting Files */ = {
			isa = PBXGroup;
			children = (
				A98748011A3CE82000553948 /* Info.plist */,
			);
			name = "Supporting Files";
			sourceTree = "<group>";
		};
/* End PBXGroup section */

/* Begin PBXNativeTarget section */
		A98747E61A3CE81F00553948 /* SwiftTables */ = {
			isa = PBXNativeTarget;
			buildConfigurationList = A98748061A3CE82000553948 /* Build configuration list for PBXNativeTarget "SwiftTables" */;
			buildPhases = (
				A98747E31A3CE81F00553948 /* Sources */,
				A98747E41A3CE81F00553948 /* Frameworks */,
				A98747E51A3CE81F00553948 /* Resources */,
			);
			buildRules = (
			);
			dependencies = (
			);
			name = SwiftTables;
			productName = SwiftTables;
			productReference = A98747E71A3CE81F00553948 /* SwiftTables.app */;
			productType = "com.apple.product-type.application";
		};
		A98747FB1A3CE82000553948 /* SwiftTablesTests */ = {
			isa = PBXNativeTarget;
			buildConfigurationList = A98748091A3CE82000553948 /* Build configuration list for PBXNativeTarget "SwiftTablesTests" */;
			buildPhases = (
				A98747F81A3CE82000553948 /* Sources */,
				A98747F91A3CE82000553948 /* Frameworks */,
				A98747FA1A3CE82000553948 /* Resources */,
			);
			buildRules = (
			);
			dependencies = (
				A98747FE1A3CE82000553948 /* PBXTargetDependency */,
			);
			name = SwiftTablesTests;
			productName = SwiftTablesTests;
			productReference = A98747FC1A3CE82000553948 /* SwiftTablesTests.xctest */;
			productType = "com.apple.product-type.bundle.unit-test";
		};
/* End PBXNativeTarget section */

/* Begin PBXProject section */
		A98747DF1A3CE81F00553948 /* Project object */ = {
			isa = PBXProject;
			attributes = {
				LastUpgradeCheck = 0610;
				ORGANIZATIONNAME = HoodsDream;
				TargetAttributes = {
					A98747E61A3CE81F00553948 = {
						CreatedOnToolsVersion = 6.1;
					};
					A98747FB1A3CE82000553948 = {
						CreatedOnToolsVersion = 6.1;
						TestTargetID = A98747E61A3CE81F00553948;
					};
				};
			};
			buildConfigurationList = A98747E21A3CE81F00553948 /* Build configuration list for PBXProject "SwiftTables" */;
			compatibilityVersion = "Xcode 3.2";
			developmentRegion = English;
			hasScannedForEncodings = 0;
			knownRegions = (
				en,
				Base,
			);
			mainGroup = A98747DE1A3CE81F00553948;
			productRefGroup = A98747E81A3CE81F00553948 /* Products */;
			projectDirPath = "";
			projectRoot = "";
			targets = (
				A98747E61A3CE81F00553948 /* SwiftTables */,
				A98747FB1A3CE82000553948 /* SwiftTablesTests */,
			);
		};
/* End PBXProject section */

/* Begin PBXResourcesBuildPhase section */
		A98747E51A3CE81F00553948 /* Resources */ = {
			isa = PBXResourcesBuildPhase;
			buildActionMask = 2147483647;
			files = (
				A98747F21A3CE81F00553948 /* Main.storyboard in Resources */,
				A98747F71A3CE81F00553948 /* LaunchScreen.xib in Resources */,
				A98747F41A3CE81F00553948 /* Images.xcassets in Resources */,
			);
			runOnlyForDeploymentPostprocessing = 0;
		};
		A98747FA1A3CE82000553948 /* Resources */ = {
			isa = PBXResourcesBuildPhase;
			buildActionMask = 2147483647;
			files = (
			);
			runOnlyForDeploymentPostprocessing = 0;
		};
/* End PBXResourcesBuildPhase section */

/* Begin PBXSourcesBuildPhase section */
		A98747E31A3CE81F00553948 /* Sources */ = {
			isa = PBXSourcesBuildPhase;
			buildActionMask = 2147483647;
			files = (
				A98747EF1A3CE81F00553948 /* ViewController.swift in Sources */,
				A98747ED1A3CE81F00553948 /* AppDelegate.swift in Sources */,
			);
			runOnlyForDeploymentPostprocessing = 0;
		};
		A98747F81A3CE82000553948 /* Sources */ = {
			isa = PBXSourcesBuildPhase;
			buildActionMask = 2147483647;
			files = (
				A98748031A3CE82000553948 /* SwiftTablesTests.swift in Sources */,
			);
			runOnlyForDeploymentPostprocessing = 0;
		};
/* End PBXSourcesBuildPhase section */

/* Begin PBXTargetDependency section */
		A98747FE1A3CE82000553948 /* PBXTargetDependency */ = {
			isa = PBXTargetDependency;
			target = A98747E61A3CE81F00553948 /* SwiftTables */;
			targetProxy = A98747FD1A3CE82000553948 /* PBXContainerItemProxy */;
		};
/* End PBXTargetDependency section */

/* Begin PBXVariantGroup section */
		A98747F01A3CE81F00553948 /* Main.storyboard */ = {
			isa = PBXVariantGroup;
			children = (
				A98747F11A3CE81F00553948 /* Base */,
			);
			name = Main.storyboard;
			sourceTree = "<group>";
		};
		A98747F51A3CE81F00553948 /* LaunchScreen.xib */ = {
			isa = PBXVariantGroup;
			children = (
				A98747F61A3CE81F00553948 /* Base */,
			);
			name = LaunchScreen.xib;
			sourceTree = "<group>";
		};
/* End PBXVariantGroup section */

/* Begin XCBuildConfiguration section */
		A98748041A3CE82000553948 /* Debug */ = {
			isa = XCBuildConfiguration;
			buildSettings = {
				ALWAYS_SEARCH_USER_PATHS = NO;
				CLANG_CXX_LANGUAGE_STANDARD = "gnu++0x";
				CLANG_CXX_LIBRARY = "libc++";
				CLANG_ENABLE_MODULES = YES;
				CLANG_ENABLE_OBJC_ARC = YES;
				CLANG_WARN_BOOL_CONVERSION = YES;
				CLANG_WARN_CONSTANT_CONVERSION = YES;
				CLANG_WARN_DIRECT_OBJC_ISA_USAGE = YES_ERROR;
				CLANG_WARN_EMPTY_BODY = YES;
				CLANG_WARN_ENUM_CONVERSION = YES;
				CLANG_WARN_INT_CONVERSION = YES;
				CLANG_WARN_OBJC_ROOT_CLASS = YES_ERROR;
				CLANG_WARN_UNREACHABLE_CODE = YES;
				CLANG_WARN__DUPLICATE_METHOD_MATCH = YES;
				"CODE_SIGN_IDENTITY[sdk=iphoneos*]" = "iPhone Developer";
				COPY_PHASE_STRIP = NO;
				ENABLE_STRICT_OBJC_MSGSEND = YES;
				GCC_C_LANGUAGE_STANDARD = gnu99;
				GCC_DYNAMIC_NO_PIC = NO;
				GCC_OPTIMIZATION_LEVEL = 0;
				GCC_PREPROCESSOR_DEFINITIONS = (
					"DEBUG=1",
					"$(inherited)",
				);
				GCC_SYMBOLS_PRIVATE_EXTERN = NO;
				GCC_WARN_64_TO_32_BIT_CONVERSION = YES;
				GCC_WARN_ABOUT_RETURN_TYPE = YES_ERROR;
				GCC_WARN_UNDECLARED_SELECTOR = YES;
				GCC_WARN_UNINITIALIZED_AUTOS = YES_AGGRESSIVE;
				GCC_WARN_UNUSED_FUNCTION = YES;
				GCC_WARN_UNUSED_VARIABLE = YES;
				IPHONEOS_DEPLOYMENT_TARGET = 8.1;
				MTL_ENABLE_DEBUG_INFO = YES;
				ONLY_ACTIVE_ARCH = YES;
				SDKROOT = iphoneos;
				SWIFT_OPTIMIZATION_LEVEL = "-Onone";
			};
			name = Debug;
		};
		A98748051A3CE82000553948 /* Release */ = {
			isa = XCBuildConfiguration;
			buildSettings = {
				ALWAYS_SEARCH_USER_PATHS = NO;
				CLANG_CXX_LANGUAGE_STANDARD = "gnu++0x";
				CLANG_CXX_LIBRARY = "libc++";
				CLANG_ENABLE_MODULES = YES;
				CLANG_ENABLE_OBJC_ARC = YES;
				CLANG_WARN_BOOL_CONVERSION = YES;
				CLANG_WARN_CONSTANT_CONVERSION = YES;
				CLANG_WARN_DIRECT_OBJC_ISA_USAGE = YES_ERROR;
				CLANG_WARN_EMPTY_BODY = YES;
				CLANG_WARN_ENUM_CONVERSION = YES;
				CLANG_WARN_INT_CONVERSION = YES;
				CLANG_WARN_OBJC_ROOT_CLASS = YES_ERROR;
				CLANG_WARN_UNREACHABLE_CODE = YES;
				CLANG_WARN__DUPLICATE_METHOD_MATCH = YES;
				"CODE_SIGN_IDENTITY[sdk=iphoneos*]" = "iPhone Developer";
				COPY_PHASE_STRIP = YES;
				ENABLE_NS_ASSERTIONS = NO;
				ENABLE_STRICT_OBJC_MSGSEND = YES;
				GCC_C_LANGUAGE_STANDARD = gnu99;
				GCC_WARN_64_TO_32_BIT_CONVERSION = YES;
				GCC_WARN_ABOUT_RETURN_TYPE = YES_ERROR;
				GCC_WARN_UNDECLARED_SELECTOR = YES;
				GCC_WARN_UNINITIALIZED_AUTOS = YES_AGGRESSIVE;
				GCC_WARN_UNUSED_FUNCTION = YES;
				GCC_WARN_UNUSED_VARIABLE = YES;
				IPHONEOS_DEPLOYMENT_TARGET = 8.1;
				MTL_ENABLE_DEBUG_INFO = NO;
				SDKROOT = iphoneos;
				VALIDATE_PRODUCT = YES;
			};
			name = Release;
		};
		A98748071A3CE82000553948 /* Debug */ = {
			isa = XCBuildConfiguration;
			buildSettings = {
				ASSETCATALOG_COMPILER_APPICON_NAME = AppIcon;
				INFOPLIST_FILE = SwiftTables/Info.plist;
				LD_RUNPATH_SEARCH_PATHS = "$(inherited) @executable_path/Frameworks";
				PRODUCT_NAME = "$(TARGET_NAME)";
			};
			name = Debug;
		};
		A98748081A3CE82000553948 /* Release */ = {
			isa = XCBuildConfiguration;
			buildSettings = {
				ASSETCATALOG_COMPILER_APPICON_NAME = AppIcon;
				INFOPLIST_FILE = SwiftTables/Info.plist;
				LD_RUNPATH_SEARCH_PATHS = "$(inherited) @executable_path/Frameworks";
				PRODUCT_NAME = "$(TARGET_NAME)";
			};
			name = Release;
		};
		A987480A1A3CE82000553948 /* Debug */ = {
			isa = XCBuildConfiguration;
			buildSettings = {
				BUNDLE_LOADER = "$(TEST_HOST)";
				FRAMEWORK_SEARCH_PATHS = (
					"$(SDKROOT)/Developer/Library/Frameworks",
					"$(inherited)",
				);
				GCC_PREPROCESSOR_DEFINITIONS = (
					"DEBUG=1",
					"$(inherited)",
				);
				INFOPLIST_FILE = SwiftTablesTests/Info.plist;
				LD_RUNPATH_SEARCH_PATHS = "$(inherited) @executable_path/Frameworks @loader_path/Frameworks";
				PRODUCT_NAME = "$(TARGET_NAME)";
				TEST_HOST = "$(BUILT_PRODUCTS_DIR)/SwiftTables.app/SwiftTables";
			};
			name = Debug;
		};
		A987480B1A3CE82000553948 /* Release */ = {
			isa = XCBuildConfiguration;
			buildSettings = {
				BUNDLE_LOADER = "$(TEST_HOST)";
				FRAMEWORK_SEARCH_PATHS = (
					"$(SDKROOT)/Developer/Library/Frameworks",
					"$(inherited)",
				);
				INFOPLIST_FILE = SwiftTablesTests/Info.plist;
				LD_RUNPATH_SEARCH_PATHS = "$(inherited) @executable_path/Frameworks @loader_path/Frameworks";
				PRODUCT_NAME = "$(TARGET_NAME)";
				TEST_HOST = "$(BUILT_PRODUCTS_DIR)/SwiftTables.app/SwiftTables";
			};
			name = Release;
		};
/* End XCBuildConfiguration section */

/* Begin XCConfigurationList section */
		A98747E21A3CE81F00553948 /* Build configuration list for PBXProject "SwiftTables" */ = {
			isa = XCConfigurationList;
			buildConfigurations = (
				A98748041A3CE82000553948 /* Debug */,
				A98748051A3CE82000553948 /* Release */,
			);
			defaultConfigurationIsVisible = 0;
			defaultConfigurationName = Release;
		};
		A98748061A3CE82000553948 /* Build configuration list for PBXNativeTarget "SwiftTables" */ = {
			isa = XCConfigurationList;
			buildConfigurations = (
				A98748071A3CE82000553948 /* Debug */,
				A98748081A3CE82000553948 /* Release */,
			);
			defaultConfigurationIsVisible = 0;
		};
		A98748091A3CE82000553948 /* Build configuration list for PBXNativeTarget "SwiftTablesTests" */ = {
			isa = XCConfigurationList;
			buildConfigurations = (
				A987480A1A3CE82000553948 /* Debug */,
				A987480B1A3CE82000553948 /* Release */,
			);
			defaultConfigurationIsVisible = 0;
		};
/* End XCConfigurationList section */
	};
	rootObject = A98747DF1A3CE81F00553948 /* Project object */;
}
